
Microsoft Visual Studio Solution File, Format Version 12.00
# Visual Studio Version 17
VisualStudioVersion = 17.0.31903.59
MinimumVisualStudioVersion = 10.0.40219.1
Project("{2150E333-8FDC-42A3-9474-1A3956D46DE8}") = "src", "src", "{827E0CD3-B72D-47B6-A68D-7590B98EB39B}"
EndProject
Project("{FAE04EC0-301F-11D3-BF4B-00C04F79EFBC}") = "AuctionService", "src\AuctionService\AuctionService.csproj", "{3D59689D-BE95-4D99-9922-5015BEEE8EF0}"
EndProject
Project("{FAE04EC0-301F-11D3-BF4B-00C04F79EFBC}") = "SearchService", "src\SearchService\SearchService.csproj", "{87F682C6-621F-4999-BF59-EA436DCF0565}"
EndProject
Project("{FAE04EC0-301F-11D3-BF4B-00C04F79EFBC}") = "Contracts", "src\Contracts\Contracts.csproj", "{0A127898-A53B-4C81-9AF7-2B4A08CAA6EC}"
EndProject
Project("{FAE04EC0-301F-11D3-BF4B-00C04F79EFBC}") = "IdentityService", "src\IdentityService\IdentityService.csproj", "{B664ACA9-C525-47F3-ABEA-171B15B24415}"
EndProject
Global
	GlobalSection(SolutionConfigurationPlatforms) = preSolution
		Debug|Any CPU = Debug|Any CPU
		Debug|x64 = Debug|x64
		Debug|x86 = Debug|x86
		Release|Any CPU = Release|Any CPU
		Release|x64 = Release|x64
		Release|x86 = Release|x86
	EndGlobalSection
	GlobalSection(ProjectConfigurationPlatforms) = postSolution
		{3D59689D-BE95-4D99-9922-5015BEEE8EF0}.Debug|Any CPU.ActiveCfg = Debug|Any CPU
		{3D59689D-BE95-4D99-9922-5015BEEE8EF0}.Debug|Any CPU.Build.0 = Debug|Any CPU
		{3D59689D-BE95-4D99-9922-5015BEEE8EF0}.Debug|x64.ActiveCfg = Debug|Any CPU
		{3D59689D-BE95-4D99-9922-5015BEEE8EF0}.Debug|x64.Build.0 = Debug|Any CPU
		{3D59689D-BE95-4D99-9922-5015BEEE8EF0}.Debug|x86.ActiveCfg = Debug|Any CPU
		{3D59689D-BE95-4D99-9922-5015BEEE8EF0}.Debug|x86.Build.0 = Debug|Any CPU
		{3D59689D-BE95-4D99-9922-5015BEEE8EF0}.Release|Any CPU.ActiveCfg = Release|Any CPU
		{3D59689D-BE95-4D99-9922-5015BEEE8EF0}.Release|Any CPU.Build.0 = Release|Any CPU
		{3D59689D-BE95-4D99-9922-5015BEEE8EF0}.Release|x64.ActiveCfg = Release|Any CPU
		{3D59689D-BE95-4D99-9922-5015BEEE8EF0}.Release|x64.Build.0 = Release|Any CPU
		{3D59689D-BE95-4D99-9922-5015BEEE8EF0}.Release|x86.ActiveCfg = Release|Any CPU
		{3D59689D-BE95-4D99-9922-5015BEEE8EF0}.Release|x86.Build.0 = Release|Any CPU
		{87F682C6-621F-4999-BF59-EA436DCF0565}.Debug|Any CPU.ActiveCfg = Debug|Any CPU
		{87F682C6-621F-4999-BF59-EA436DCF0565}.Debug|Any CPU.Build.0 = Debug|Any CPU
		{87F682C6-621F-4999-BF59-EA436DCF0565}.Debug|x64.ActiveCfg = Debug|Any CPU
		{87F682C6-621F-4999-BF59-EA436DCF0565}.Debug|x64.Build.0 = Debug|Any CPU
		{87F682C6-621F-4999-BF59-EA436DCF0565}.Debug|x86.ActiveCfg = Debug|Any CPU
		{87F682C6-621F-4999-BF59-EA436DCF0565}.Debug|x86.Build.0 = Debug|Any CPU
		{87F682C6-621F-4999-BF59-EA436DCF0565}.Release|Any CPU.ActiveCfg = Release|Any CPU
		{87F682C6-621F-4999-BF59-EA436DCF0565}.Release|Any CPU.Build.0 = Release|Any CPU
		{87F682C6-621F-4999-BF59-EA436DCF0565}.Release|x64.ActiveCfg = Release|Any CPU
		{87F682C6-621F-4999-BF59-EA436DCF0565}.Release|x64.Build.0 = Release|Any CPU
		{87F682C6-621F-4999-BF59-EA436DCF0565}.Release|x86.ActiveCfg = Release|Any CPU
		{87F682C6-621F-4999-BF59-EA436DCF0565}.Release|x86.Build.0 = Release|Any CPU
		{0A127898-A53B-4C81-9AF7-2B4A08CAA6EC}.Debug|Any CPU.ActiveCfg = Debug|Any CPU
		{0A127898-A53B-4C81-9AF7-2B4A08CAA6EC}.Debug|Any CPU.Build.0 = Debug|Any CPU
		{0A127898-A53B-4C81-9AF7-2B4A08CAA6EC}.Debug|x64.ActiveCfg = Debug|Any CPU
		{0A127898-A53B-4C81-9AF7-2B4A08CAA6EC}.Debug|x64.Build.0 = Debug|Any CPU
		{0A127898-A53B-4C81-9AF7-2B4A08CAA6EC}.Debug|x86.ActiveCfg = Debug|Any CPU
		{0A127898-A53B-4C81-9AF7-2B4A08CAA6EC}.Debug|x86.Build.0 = Debug|Any CPU
		{0A127898-A53B-4C81-9AF7-2B4A08CAA6EC}.Release|Any CPU.ActiveCfg = Release|Any CPU
		{0A127898-A53B-4C81-9AF7-2B4A08CAA6EC}.Release|Any CPU.Build.0 = Release|Any CPU
		{0A127898-A53B-4C81-9AF7-2B4A08CAA6EC}.Release|x64.ActiveCfg = Release|Any CPU
		{0A127898-A53B-4C81-9AF7-2B4A08CAA6EC}.Release|x64.Build.0 = Release|Any CPU
		{0A127898-A53B-4C81-9AF7-2B4A08CAA6EC}.Release|x86.ActiveCfg = Release|Any CPU
		{0A127898-A53B-4C81-9AF7-2B4A08CAA6EC}.Release|x86.Build.0 = Release|Any CPU
		{B664ACA9-C525-47F3-ABEA-171B15B24415}.Debug|Any CPU.ActiveCfg = Debug|Any CPU
		{B664ACA9-C525-47F3-ABEA-171B15B24415}.Debug|Any CPU.Build.0 = Debug|Any CPU
		{B664ACA9-C525-47F3-ABEA-171B15B24415}.Debug|x64.ActiveCfg = Debug|Any CPU
		{B664ACA9-C525-47F3-ABEA-171B15B24415}.Debug|x64.Build.0 = Debug|Any CPU
		{B664ACA9-C525-47F3-ABEA-171B15B24415}.Debug|x86.ActiveCfg = Debug|Any CPU
		{B664ACA9-C525-47F3-ABEA-171B15B24415}.Debug|x86.Build.0 = Debug|Any CPU
		{B664ACA9-C525-47F3-ABEA-171B15B24415}.Release|Any CPU.ActiveCfg = Release|Any CPU
		{B664ACA9-C525-47F3-ABEA-171B15B24415}.Release|Any CPU.Build.0 = Release|Any CPU
		{B664ACA9-C525-47F3-ABEA-171B15B24415}.Release|x64.ActiveCfg = Release|Any CPU
		{B664ACA9-C525-47F3-ABEA-171B15B24415}.Release|x64.Build.0 = Release|Any CPU
		{B664ACA9-C525-47F3-ABEA-171B15B24415}.Release|x86.ActiveCfg = Release|Any CPU
		{B664ACA9-C525-47F3-ABEA-171B15B24415}.Release|x86.Build.0 = Release|Any CPU
	EndGlobalSection
	GlobalSection(SolutionProperties) = preSolution
		HideSolutionNode = FALSE
	EndGlobalSection
	GlobalSection(NestedProjects) = preSolution
		{3D59689D-BE95-4D99-9922-5015BEEE8EF0} = {827E0CD3-B72D-47B6-A68D-7590B98EB39B}
		{87F682C6-621F-4999-BF59-EA436DCF0565} = {827E0CD3-B72D-47B6-A68D-7590B98EB39B}
		{0A127898-A53B-4C81-9AF7-2B4A08CAA6EC} = {827E0CD3-B72D-47B6-A68D-7590B98EB39B}
		{B664ACA9-C525-47F3-ABEA-171B15B24415} = {827E0CD3-B72D-47B6-A68D-7590B98EB39B}
	EndGlobalSection
EndGlobal
